// !$*UTF8*$!
{
	archiveVersion = 1;
	classes = {
	};
	objectVersion = 46;
	objects = {

/* Begin PBXBuildFile section */
		7BBAEF2615BDAAEE005CEAEF /* SCContactPerson.m in Sources */ = {isa = PBXBuildFile; fileRef = 7BBAEF2515BDAAEE005CEAEF /* SCContactPerson.m */; };
		7BBAEF2A15BDAB16005CEAEF /* SCContactPersonTests.m in Sources */ = {isa = PBXBuildFile; fileRef = 7BBAEF2915BDAB16005CEAEF /* SCContactPersonTests.m */; };
		7BBAEF2D15BDAB72005CEAEF /* SCContactPerson.m in Sources */ = {isa = PBXBuildFile; fileRef = 7BBAEF2515BDAAEE005CEAEF /* SCContactPerson.m */; };
		7BBAEF3015BDACFC005CEAEF /* SCContactRecord.m in Sources */ = {isa = PBXBuildFile; fileRef = 7BBAEF2F15BDACFC005CEAEF /* SCContactRecord.m */; };
		7BBAEF3315BDAD23005CEAEF /* SCContactRecord.m in Sources */ = {isa = PBXBuildFile; fileRef = 7BBAEF2F15BDACFC005CEAEF /* SCContactRecord.m */; };
		7BD870ED15F5818300FAC774 /* SCContactAddressBook.h in CopyFiles */ = {isa = PBXBuildFile; fileRef = 7B7A921815E81C0800ED4325 /* SCContactAddressBook.h */; };
		7BD870EE15F5818300FAC774 /* SCContactList.h in CopyFiles */ = {isa = PBXBuildFile; fileRef = 7B7A921315E81B4600ED4325 /* SCContactList.h */; };
		7BD870EF15F5818300FAC774 /* SCContactGroup.h in CopyFiles */ = {isa = PBXBuildFile; fileRef = 7B7A921415E81B4600ED4325 /* SCContactGroup.h */; };
		7BD870F015F5818300FAC774 /* SCContactPerson.h in CopyFiles */ = {isa = PBXBuildFile; fileRef = 7B7A921615E81B4600ED4325 /* SCContactPerson.h */; };
		7BD870F115F5818300FAC774 /* SCContactRecord.h in CopyFiles */ = {isa = PBXBuildFile; fileRef = 7B7A921715E81B4600ED4325 /* SCContactRecord.h */; };
		7BD9CC4A15B7101B00D6DAA8 /* Foundation.framework in Frameworks */ = {isa = PBXBuildFile; fileRef = 7BD9CC4915B7101B00D6DAA8 /* Foundation.framework */; };
		7BD9CC5915B7101B00D6DAA8 /* SenTestingKit.framework in Frameworks */ = {isa = PBXBuildFile; fileRef = 7BD9CC5815B7101B00D6DAA8 /* SenTestingKit.framework */; };
		7BD9CC5C15B7101B00D6DAA8 /* Foundation.framework in Frameworks */ = {isa = PBXBuildFile; fileRef = 7BD9CC4915B7101B00D6DAA8 /* Foundation.framework */; };
		7BD9CC5F15B7101B00D6DAA8 /* libSCContactList.a in Frameworks */ = {isa = PBXBuildFile; fileRef = 7BD9CC4615B7101B00D6DAA8 /* libSCContactList.a */; };
		7BD9CC6515B7101B00D6DAA8 /* InfoPlist.strings in Resources */ = {isa = PBXBuildFile; fileRef = 7BD9CC6315B7101B00D6DAA8 /* InfoPlist.strings */; };
		7BD9CC7215B7103500D6DAA8 /* AddressBook.framework in Frameworks */ = {isa = PBXBuildFile; fileRef = 7BD9CC7115B7103500D6DAA8 /* AddressBook.framework */; };
		7BD9CC7315B76A7900D6DAA8 /* AddressBook.framework in Frameworks */ = {isa = PBXBuildFile; fileRef = 7BD9CC7115B7103500D6DAA8 /* AddressBook.framework */; };
		7BD9CC7515B76AB700D6DAA8 /* UIKit.framework in Frameworks */ = {isa = PBXBuildFile; fileRef = 7BD9CC7415B76AB700D6DAA8 /* UIKit.framework */; };
		7BD9CC7615B76AC800D6DAA8 /* UIKit.framework in Frameworks */ = {isa = PBXBuildFile; fileRef = 7BD9CC7415B76AB700D6DAA8 /* UIKit.framework */; };
		7BD9CC7D15B869C900D6DAA8 /* SCContactAddressBook.m in Sources */ = {isa = PBXBuildFile; fileRef = 7BD9CC7C15B869C900D6DAA8 /* SCContactAddressBook.m */; };
		7BD9CC8115B86A0000D6DAA8 /* SCContactListTests.m in Sources */ = {isa = PBXBuildFile; fileRef = 7BD9CC8015B86A0000D6DAA8 /* SCContactListTests.m */; };
		7BD9CC8915B871AA00D6DAA8 /* SCContactGroup.m in Sources */ = {isa = PBXBuildFile; fileRef = 7BD9CC8815B871AA00D6DAA8 /* SCContactGroup.m */; };
		7BD9CC8C15B8720100D6DAA8 /* SCContactGroup.m in Sources */ = {isa = PBXBuildFile; fileRef = 7BD9CC8815B871AA00D6DAA8 /* SCContactGroup.m */; };
		7BD9CC8F15B89AB900D6DAA8 /* SCContactGroupTests.m in Sources */ = {isa = PBXBuildFile; fileRef = 7BD9CC8E15B89AB900D6DAA8 /* SCContactGroupTests.m */; };
/* End PBXBuildFile section */

/* Begin PBXContainerItemProxy section */
		7BD9CC5D15B7101B00D6DAA8 /* PBXContainerItemProxy */ = {
			isa = PBXContainerItemProxy;
			containerPortal = 7BD9CC3D15B7101B00D6DAA8 /* Project object */;
			proxyType = 1;
			remoteGlobalIDString = 7BD9CC4515B7101B00D6DAA8;
			remoteInfo = SCContactList;
		};
/* End PBXContainerItemProxy section */

/* Begin PBXCopyFilesBuildPhase section */
		7BD9CC4415B7101B00D6DAA8 /* CopyFiles */ = {
			isa = PBXCopyFilesBuildPhase;
			buildActionMask = 2147483647;
			dstPath = include;
			dstSubfolderSpec = 16;
			files = (
				7BD870ED15F5818300FAC774 /* SCContactAddressBook.h in CopyFiles */,
				7BD870EE15F5818300FAC774 /* SCContactList.h in CopyFiles */,
				7BD870EF15F5818300FAC774 /* SCContactGroup.h in CopyFiles */,
				7BD870F015F5818300FAC774 /* SCContactPerson.h in CopyFiles */,
				7BD870F115F5818300FAC774 /* SCContactRecord.h in CopyFiles */,
			);
			runOnlyForDeploymentPostprocessing = 0;
		};
/* End PBXCopyFilesBuildPhase section */

/* Begin PBXFileReference section */
		7B7A921315E81B4600ED4325 /* SCContactList.h */ = {isa = PBXFileReference; fileEncoding = 4; lastKnownFileType = sourcecode.c.h; path = SCContactList.h; sourceTree = "<group>"; };
		7B7A921415E81B4600ED4325 /* SCContactGroup.h */ = {isa = PBXFileReference; fileEncoding = 4; lastKnownFileType = sourcecode.c.h; path = SCContactGroup.h; sourceTree = "<group>"; };
		7B7A921615E81B4600ED4325 /* SCContactPerson.h */ = {isa = PBXFileReference; fileEncoding = 4; lastKnownFileType = sourcecode.c.h; path = SCContactPerson.h; sourceTree = "<group>"; };
		7B7A921715E81B4600ED4325 /* SCContactRecord.h */ = {isa = PBXFileReference; fileEncoding = 4; lastKnownFileType = sourcecode.c.h; path = SCContactRecord.h; sourceTree = "<group>"; };
		7B7A921815E81C0800ED4325 /* SCContactAddressBook.h */ = {isa = PBXFileReference; fileEncoding = 4; lastKnownFileType = sourcecode.c.h; path = SCContactAddressBook.h; sourceTree = "<group>"; };
		7B7A923015E81CB900ED4325 /* SCContactListTests copy-Info.plist */ = {isa = PBXFileReference; lastKnownFileType = text.plist.xml; name = "SCContactListTests copy-Info.plist"; path = "/Users/sdefreyssinet/Projects/SCContactList/SCContactListTests copy-Info.plist"; sourceTree = "<absolute>"; };
		7BBAEF2515BDAAEE005CEAEF /* SCContactPerson.m */ = {isa = PBXFileReference; fileEncoding = 4; lastKnownFileType = sourcecode.c.objc; path = SCContactPerson.m; sourceTree = "<group>"; };
		7BBAEF2915BDAB16005CEAEF /* SCContactPersonTests.m */ = {isa = PBXFileReference; fileEncoding = 4; lastKnownFileType = sourcecode.c.objc; path = SCContactPersonTests.m; sourceTree = "<group>"; };
		7BBAEF2B15BDAB34005CEAEF /* SCContactPersonTests.h */ = {isa = PBXFileReference; fileEncoding = 4; lastKnownFileType = sourcecode.c.h; path = SCContactPersonTests.h; sourceTree = "<group>"; };
		7BBAEF2F15BDACFC005CEAEF /* SCContactRecord.m */ = {isa = PBXFileReference; fileEncoding = 4; lastKnownFileType = sourcecode.c.objc; path = SCContactRecord.m; sourceTree = "<group>"; };
		7BD9CC4615B7101B00D6DAA8 /* libSCContactList.a */ = {isa = PBXFileReference; explicitFileType = archive.ar; includeInIndex = 0; path = libSCContactList.a; sourceTree = BUILT_PRODUCTS_DIR; };
		7BD9CC4915B7101B00D6DAA8 /* Foundation.framework */ = {isa = PBXFileReference; lastKnownFileType = wrapper.framework; name = Foundation.framework; path = System/Library/Frameworks/Foundation.framework; sourceTree = SDKROOT; };
		7BD9CC4D15B7101B00D6DAA8 /* SCContactList-Prefix.pch */ = {isa = PBXFileReference; lastKnownFileType = sourcecode.c.h; path = "SCContactList-Prefix.pch"; sourceTree = "<group>"; };
		7BD9CC5715B7101B00D6DAA8 /* SCContactListTests.octest */ = {isa = PBXFileReference; explicitFileType = wrapper.cfbundle; includeInIndex = 0; path = SCContactListTests.octest; sourceTree = BUILT_PRODUCTS_DIR; };
		7BD9CC5815B7101B00D6DAA8 /* SenTestingKit.framework */ = {isa = PBXFileReference; lastKnownFileType = wrapper.framework; name = SenTestingKit.framework; path = Library/Frameworks/SenTestingKit.framework; sourceTree = DEVELOPER_DIR; };
		7BD9CC6215B7101B00D6DAA8 /* SCContactListTests-Info.plist */ = {isa = PBXFileReference; lastKnownFileType = text.plist.xml; path = "SCContactListTests-Info.plist"; sourceTree = "<group>"; };
		7BD9CC6415B7101B00D6DAA8 /* en */ = {isa = PBXFileReference; lastKnownFileType = text.plist.strings; name = en; path = en.lproj/InfoPlist.strings; sourceTree = "<group>"; };
		7BD9CC7115B7103500D6DAA8 /* AddressBook.framework */ = {isa = PBXFileReference; lastKnownFileType = wrapper.framework; name = AddressBook.framework; path = System/Library/Frameworks/AddressBook.framework; sourceTree = SDKROOT; };
		7BD9CC7415B76AB700D6DAA8 /* UIKit.framework */ = {isa = PBXFileReference; lastKnownFileType = wrapper.framework; name = UIKit.framework; path = System/Library/Frameworks/UIKit.framework; sourceTree = SDKROOT; };
		7BD9CC7C15B869C900D6DAA8 /* SCContactAddressBook.m */ = {isa = PBXFileReference; fileEncoding = 4; lastKnownFileType = sourcecode.c.objc; path = SCContactAddressBook.m; sourceTree = "<group>"; };
		7BD9CC7F15B869F900D6DAA8 /* SCContactListTests.h */ = {isa = PBXFileReference; fileEncoding = 4; lastKnownFileType = sourcecode.c.h; path = SCContactListTests.h; sourceTree = "<group>"; };
		7BD9CC8015B86A0000D6DAA8 /* SCContactListTests.m */ = {isa = PBXFileReference; fileEncoding = 4; lastKnownFileType = sourcecode.c.objc; path = SCContactListTests.m; sourceTree = "<group>"; };
		7BD9CC8815B871AA00D6DAA8 /* SCContactGroup.m */ = {isa = PBXFileReference; fileEncoding = 4; lastKnownFileType = sourcecode.c.objc; path = SCContactGroup.m; sourceTree = "<group>"; };
		7BD9CC8E15B89AB900D6DAA8 /* SCContactGroupTests.m */ = {isa = PBXFileReference; fileEncoding = 4; lastKnownFileType = sourcecode.c.objc; path = SCContactGroupTests.m; sourceTree = "<group>"; };
		7BD9CC9015B89ADB00D6DAA8 /* SCContactGroupTests.h */ = {isa = PBXFileReference; fileEncoding = 4; lastKnownFileType = sourcecode.c.h; path = SCContactGroupTests.h; sourceTree = "<group>"; };
/* End PBXFileReference section */

/* Begin PBXFrameworksBuildPhase section */
		7BD9CC4315B7101B00D6DAA8 /* Frameworks */ = {
			isa = PBXFrameworksBuildPhase;
			buildActionMask = 2147483647;
			files = (
				7BD9CC4A15B7101B00D6DAA8 /* Foundation.framework in Frameworks */,
				7BD9CC7215B7103500D6DAA8 /* AddressBook.framework in Frameworks */,
				7BD9CC7615B76AC800D6DAA8 /* UIKit.framework in Frameworks */,
			);
			runOnlyForDeploymentPostprocessing = 0;
		};
		7BD9CC5315B7101B00D6DAA8 /* Frameworks */ = {
			isa = PBXFrameworksBuildPhase;
			buildActionMask = 2147483647;
			files = (
				7BD9CC5915B7101B00D6DAA8 /* SenTestingKit.framework in Frameworks */,
				7BD9CC5C15B7101B00D6DAA8 /* Foundation.framework in Frameworks */,
				7BD9CC7515B76AB700D6DAA8 /* UIKit.framework in Frameworks */,
				7BD9CC5F15B7101B00D6DAA8 /* libSCContactList.a in Frameworks */,
				7BD9CC7315B76A7900D6DAA8 /* AddressBook.framework in Frameworks */,
			);
			runOnlyForDeploymentPostprocessing = 0;
		};
/* End PBXFrameworksBuildPhase section */

/* Begin PBXGroup section */
		7BD9CC3B15B7101B00D6DAA8 = {
			isa = PBXGroup;
			children = (
				7BD9CC4B15B7101B00D6DAA8 /* SCContactList */,
				7BD9CC6015B7101B00D6DAA8 /* SCContactListTests */,
				7BD9CC4815B7101B00D6DAA8 /* Frameworks */,
				7BD9CC4715B7101B00D6DAA8 /* Products */,
				7B7A923015E81CB900ED4325 /* SCContactListTests copy-Info.plist */,
			);
			sourceTree = "<group>";
			usesTabs = 0;
		};
		7BD9CC4715B7101B00D6DAA8 /* Products */ = {
			isa = PBXGroup;
			children = (
				7BD9CC4615B7101B00D6DAA8 /* libSCContactList.a */,
				7BD9CC5715B7101B00D6DAA8 /* SCContactListTests.octest */,
			);
			name = Products;
			sourceTree = "<group>";
		};
		7BD9CC4815B7101B00D6DAA8 /* Frameworks */ = {
			isa = PBXGroup;
			children = (
				7BD9CC7415B76AB700D6DAA8 /* UIKit.framework */,
				7BD9CC7115B7103500D6DAA8 /* AddressBook.framework */,
				7BD9CC4915B7101B00D6DAA8 /* Foundation.framework */,
				7BD9CC5815B7101B00D6DAA8 /* SenTestingKit.framework */,
			);
			name = Frameworks;
			sourceTree = "<group>";
		};
		7BD9CC4B15B7101B00D6DAA8 /* SCContactList */ = {
			isa = PBXGroup;
			children = (
				7BD9CC7915B8699000D6DAA8 /* include */,
				7BD9CC7A15B8699000D6DAA8 /* src */,
				7BD9CC4C15B7101B00D6DAA8 /* Supporting Files */,
			);
			path = SCContactList;
			sourceTree = "<group>";
		};
		7BD9CC4C15B7101B00D6DAA8 /* Supporting Files */ = {
			isa = PBXGroup;
			children = (
				7BD9CC4D15B7101B00D6DAA8 /* SCContactList-Prefix.pch */,
			);
			name = "Supporting Files";
			sourceTree = "<group>";
		};
		7BD9CC6015B7101B00D6DAA8 /* SCContactListTests */ = {
			isa = PBXGroup;
			children = (
				7BD9CC7715B8697F00D6DAA8 /* include */,
				7BD9CC7815B8697F00D6DAA8 /* src */,
				7BD9CC6115B7101B00D6DAA8 /* Supporting Files */,
			);
			path = SCContactListTests;
			sourceTree = "<group>";
		};
		7BD9CC6115B7101B00D6DAA8 /* Supporting Files */ = {
			isa = PBXGroup;
			children = (
				7BD9CC6215B7101B00D6DAA8 /* SCContactListTests-Info.plist */,
				7BD9CC6315B7101B00D6DAA8 /* InfoPlist.strings */,
			);
			name = "Supporting Files";
			sourceTree = "<group>";
		};
		7BD9CC7715B8697F00D6DAA8 /* include */ = {
			isa = PBXGroup;
			children = (
				7BBAEF2B15BDAB34005CEAEF /* SCContactPersonTests.h */,
				7BD9CC9015B89ADB00D6DAA8 /* SCContactGroupTests.h */,
				7BD9CC7F15B869F900D6DAA8 /* SCContactListTests.h */,
			);
			path = include;
			sourceTree = "<group>";
		};
		7BD9CC7815B8697F00D6DAA8 /* src */ = {
			isa = PBXGroup;
			children = (
				7BD9CC8015B86A0000D6DAA8 /* SCContactListTests.m */,
				7BD9CC8E15B89AB900D6DAA8 /* SCContactGroupTests.m */,
				7BBAEF2915BDAB16005CEAEF /* SCContactPersonTests.m */,
			);
			path = src;
			sourceTree = "<group>";
		};
		7BD9CC7915B8699000D6DAA8 /* include */ = {
			isa = PBXGroup;
			children = (
				7B7A921815E81C0800ED4325 /* SCContactAddressBook.h */,
				7B7A921315E81B4600ED4325 /* SCContactList.h */,
				7B7A921415E81B4600ED4325 /* SCContactGroup.h */,
				7B7A921615E81B4600ED4325 /* SCContactPerson.h */,
				7B7A921715E81B4600ED4325 /* SCContactRecord.h */,
			);
			path = include;
			sourceTree = "<group>";
		};
		7BD9CC7A15B8699000D6DAA8 /* src */ = {
			isa = PBXGroup;
			children = (
				7BD9CC8815B871AA00D6DAA8 /* SCContactGroup.m */,
				7BD9CC7C15B869C900D6DAA8 /* SCContactAddressBook.m */,
				7BBAEF2515BDAAEE005CEAEF /* SCContactPerson.m */,
				7BBAEF2F15BDACFC005CEAEF /* SCContactRecord.m */,
			);
			path = src;
			sourceTree = "<group>";
		};
/* End PBXGroup section */

/* Begin PBXNativeTarget section */
		7BD9CC4515B7101B00D6DAA8 /* SCContactList */ = {
			isa = PBXNativeTarget;
			buildConfigurationList = 7BD9CC6B15B7101B00D6DAA8 /* Build configuration list for PBXNativeTarget "SCContactList" */;
			buildPhases = (
				7BD9CC4215B7101B00D6DAA8 /* Sources */,
				7BD9CC4315B7101B00D6DAA8 /* Frameworks */,
				7BD9CC4415B7101B00D6DAA8 /* CopyFiles */,
			);
			buildRules = (
			);
			dependencies = (
			);
			name = SCContactList;
			productName = SCContactList;
			productReference = 7BD9CC4615B7101B00D6DAA8 /* libSCContactList.a */;
			productType = "com.apple.product-type.library.static";
		};
		7BD9CC5615B7101B00D6DAA8 /* SCContactListTests */ = {
			isa = PBXNativeTarget;
			buildConfigurationList = 7BD9CC6E15B7101B00D6DAA8 /* Build configuration list for PBXNativeTarget "SCContactListTests" */;
			buildPhases = (
				7BD9CC5215B7101B00D6DAA8 /* Sources */,
				7BD9CC5315B7101B00D6DAA8 /* Frameworks */,
				7BD9CC5415B7101B00D6DAA8 /* Resources */,
				7BD9CC5515B7101B00D6DAA8 /* ShellScript */,
			);
			buildRules = (
			);
			dependencies = (
				7BD9CC5E15B7101B00D6DAA8 /* PBXTargetDependency */,
			);
			name = SCContactListTests;
			productName = SCContactListTests;
			productReference = 7BD9CC5715B7101B00D6DAA8 /* SCContactListTests.octest */;
			productType = "com.apple.product-type.bundle";
		};
/* End PBXNativeTarget section */

/* Begin PBXProject section */
		7BD9CC3D15B7101B00D6DAA8 /* Project object */ = {
			isa = PBXProject;
			attributes = {
				LastUpgradeCheck = 0450;
				ORGANIZATIONNAME = "Sittercity, Inc.";
			};
			buildConfigurationList = 7BD9CC4015B7101B00D6DAA8 /* Build configuration list for PBXProject "SCContactList" */;
			compatibilityVersion = "Xcode 3.2";
			developmentRegion = English;
			hasScannedForEncodings = 0;
			knownRegions = (
				en,
			);
			mainGroup = 7BD9CC3B15B7101B00D6DAA8;
			productRefGroup = 7BD9CC4715B7101B00D6DAA8 /* Products */;
			projectDirPath = "";
			projectRoot = "";
			targets = (
				7BD9CC4515B7101B00D6DAA8 /* SCContactList */,
				7BD9CC5615B7101B00D6DAA8 /* SCContactListTests */,
			);
		};
/* End PBXProject section */

/* Begin PBXResourcesBuildPhase section */
		7BD9CC5415B7101B00D6DAA8 /* Resources */ = {
			isa = PBXResourcesBuildPhase;
			buildActionMask = 2147483647;
			files = (
				7BD9CC6515B7101B00D6DAA8 /* InfoPlist.strings in Resources */,
			);
			runOnlyForDeploymentPostprocessing = 0;
		};
/* End PBXResourcesBuildPhase section */

/* Begin PBXShellScriptBuildPhase section */
		7BD9CC5515B7101B00D6DAA8 /* ShellScript */ = {
			isa = PBXShellScriptBuildPhase;
			buildActionMask = 2147483647;
			files = (
			);
			inputPaths = (
			);
			outputPaths = (
			);
			runOnlyForDeploymentPostprocessing = 0;
			shellPath = /bin/sh;
			shellScript = "# Run the unit tests in this test bundle.\n\"${SYSTEM_DEVELOPER_DIR}/Tools/RunUnitTests\"\n";
		};
/* End PBXShellScriptBuildPhase section */

/* Begin PBXSourcesBuildPhase section */
		7BD9CC4215B7101B00D6DAA8 /* Sources */ = {
			isa = PBXSourcesBuildPhase;
			buildActionMask = 2147483647;
			files = (
				7BD9CC7D15B869C900D6DAA8 /* SCContactAddressBook.m in Sources */,
				7BD9CC8915B871AA00D6DAA8 /* SCContactGroup.m in Sources */,
				7BBAEF2615BDAAEE005CEAEF /* SCContactPerson.m in Sources */,
				7BBAEF3015BDACFC005CEAEF /* SCContactRecord.m in Sources */,
			);
			runOnlyForDeploymentPostprocessing = 0;
		};
		7BD9CC5215B7101B00D6DAA8 /* Sources */ = {
			isa = PBXSourcesBuildPhase;
			buildActionMask = 2147483647;
			files = (
				7BD9CC8115B86A0000D6DAA8 /* SCContactListTests.m in Sources */,
				7BD9CC8C15B8720100D6DAA8 /* SCContactGroup.m in Sources */,
				7BD9CC8F15B89AB900D6DAA8 /* SCContactGroupTests.m in Sources */,
				7BBAEF2A15BDAB16005CEAEF /* SCContactPersonTests.m in Sources */,
				7BBAEF2D15BDAB72005CEAEF /* SCContactPerson.m in Sources */,
				7BBAEF3315BDAD23005CEAEF /* SCContactRecord.m in Sources */,
			);
			runOnlyForDeploymentPostprocessing = 0;
		};
/* End PBXSourcesBuildPhase section */

/* Begin PBXTargetDependency section */
		7BD9CC5E15B7101B00D6DAA8 /* PBXTargetDependency */ = {
			isa = PBXTargetDependency;
			target = 7BD9CC4515B7101B00D6DAA8 /* SCContactList */;
			targetProxy = 7BD9CC5D15B7101B00D6DAA8 /* PBXContainerItemProxy */;
		};
/* End PBXTargetDependency section */

/* Begin PBXVariantGroup section */
		7BD9CC6315B7101B00D6DAA8 /* InfoPlist.strings */ = {
			isa = PBXVariantGroup;
			children = (
				7BD9CC6415B7101B00D6DAA8 /* en */,
			);
			name = InfoPlist.strings;
			sourceTree = "<group>";
		};
/* End PBXVariantGroup section */

/* Begin XCBuildConfiguration section */
		7BD9CC6915B7101B00D6DAA8 /* Debug */ = {
			isa = XCBuildConfiguration;
			buildSettings = {
				ALWAYS_SEARCH_USER_PATHS = NO;
				CLANG_CXX_LANGUAGE_STANDARD = "gnu++0x";
				CLANG_WARN__DUPLICATE_METHOD_MATCH = YES;
				COPY_PHASE_STRIP = NO;
				GCC_C_LANGUAGE_STANDARD = gnu99;
				GCC_DYNAMIC_NO_PIC = NO;
				GCC_OPTIMIZATION_LEVEL = 0;
				GCC_PREPROCESSOR_DEFINITIONS = (
					"DEBUG=1",
					"$(inherited)",
				);
				GCC_SYMBOLS_PRIVATE_EXTERN = NO;
				GCC_WARN_ABOUT_RETURN_TYPE = YES;
				GCC_WARN_UNINITIALIZED_AUTOS = YES;
				GCC_WARN_UNUSED_VARIABLE = YES;
				IPHONEOS_DEPLOYMENT_TARGET = 5.1;
				SDKROOT = iphoneos;
			};
			name = Debug;
		};
		7BD9CC6A15B7101B00D6DAA8 /* Release */ = {
			isa = XCBuildConfiguration;
			buildSettings = {
				ALWAYS_SEARCH_USER_PATHS = NO;
				CLANG_CXX_LANGUAGE_STANDARD = "gnu++0x";
				CLANG_WARN__DUPLICATE_METHOD_MATCH = YES;
				COPY_PHASE_STRIP = YES;
				GCC_C_LANGUAGE_STANDARD = gnu99;
				GCC_WARN_ABOUT_RETURN_TYPE = YES;
				GCC_WARN_UNINITIALIZED_AUTOS = YES;
				GCC_WARN_UNUSED_VARIABLE = YES;
				IPHONEOS_DEPLOYMENT_TARGET = 5.1;
				SDKROOT = iphoneos;
				VALIDATE_PRODUCT = YES;
			};
			name = Release;
		};
		7BD9CC6C15B7101B00D6DAA8 /* Debug */ = {
			isa = XCBuildConfiguration;
			buildSettings = {
				DSTROOT = /tmp/SCContactList.dst;
				GCC_PRECOMPILE_PREFIX_HEADER = YES;
				GCC_PREFIX_HEADER = "SCContactList/SCContactList-Prefix.pch";
				OTHER_LDFLAGS = "-ObjC";
				PRODUCT_NAME = "$(TARGET_NAME)";
				SKIP_INSTALL = YES;
				USER_HEADER_SEARCH_PATHS = "${SRCROOT}/include/**";
			};
			name = Debug;
		};
		7BD9CC6D15B7101B00D6DAA8 /* Release */ = {
			isa = XCBuildConfiguration;
			buildSettings = {
				DSTROOT = /tmp/SCContactList.dst;
				GCC_PRECOMPILE_PREFIX_HEADER = YES;
				GCC_PREFIX_HEADER = "SCContactList/SCContactList-Prefix.pch";
				OTHER_LDFLAGS = "-ObjC";
				PRODUCT_NAME = "$(TARGET_NAME)";
				SKIP_INSTALL = YES;
				USER_HEADER_SEARCH_PATHS = "${SRCROOT}/include/**";
			};
			name = Release;
		};
		7BD9CC6F15B7101B00D6DAA8 /* Debug */ = {
			isa = XCBuildConfiguration;
			buildSettings = {
				FRAMEWORK_SEARCH_PATHS = (
					"\"$(SDKROOT)/Developer/Library/Frameworks\"",
					"\"$(DEVELOPER_LIBRARY_DIR)/Frameworks\"",
				);
				GCC_PRECOMPILE_PREFIX_HEADER = YES;
				GCC_PREFIX_HEADER = "SCContactList/SCContactList-Prefix.pch";
				INFOPLIST_FILE = "SCContactListTests/SCContactListTests-Info.plist";
				PRODUCT_NAME = "$(TARGET_NAME)";
				USER_HEADER_SEARCH_PATHS = "${SRCROOT}/SCContactListTests/include/** ${SRCROOT}/SCContactList/include/**";
				WRAPPER_EXTENSION = octest;
			};
			name = Debug;
		};
		7BD9CC7015B7101B00D6DAA8 /* Release */ = {
			isa = XCBuildConfiguration;
			buildSettings = {
				FRAMEWORK_SEARCH_PATHS = (
					"\"$(SDKROOT)/Developer/Library/Frameworks\"",
					"\"$(DEVELOPER_LIBRARY_DIR)/Frameworks\"",
				);
				GCC_PRECOMPILE_PREFIX_HEADER = YES;
				GCC_PREFIX_HEADER = "SCContactList/SCContactList-Prefix.pch";
				INFOPLIST_FILE = "SCContactListTests/SCContactListTests-Info.plist";
				PRODUCT_NAME = "$(TARGET_NAME)";
				USER_HEADER_SEARCH_PATHS = "${SRCROOT}/SCContactListTests/include/** ${SRCROOT}/SCContactList/include/**";
				WRAPPER_EXTENSION = octest;
			};
			name = Release;
		};
/* End XCBuildConfiguration section */

/* Begin XCConfigurationList section */
		7BD9CC4015B7101B00D6DAA8 /* Build configuration list for PBXProject "SCContactList" */ = {
			isa = XCConfigurationList;
			buildConfigurations = (
				7BD9CC6915B7101B00D6DAA8 /* Debug */,
				7BD9CC6A15B7101B00D6DAA8 /* Release */,
			);
			defaultConfigurationIsVisible = 0;
			defaultConfigurationName = Release;
		};
		7BD9CC6B15B7101B00D6DAA8 /* Build configuration list for PBXNativeTarget "SCContactList" */ = {
			isa = XCConfigurationList;
			buildConfigurations = (
				7BD9CC6C15B7101B00D6DAA8 /* Debug */,
				7BD9CC6D15B7101B00D6DAA8 /* Release */,
			);
			defaultConfigurationIsVisible = 0;
			defaultConfigurationName = Release;
		};
		7BD9CC6E15B7101B00D6DAA8 /* Build configuration list for PBXNativeTarget "SCContactListTests" */ = {
			isa = XCConfigurationList;
			buildConfigurations = (
				7BD9CC6F15B7101B00D6DAA8 /* Debug */,
				7BD9CC7015B7101B00D6DAA8 /* Release */,
			);
			defaultConfigurationIsVisible = 0;
			defaultConfigurationName = Release;
		};
/* End XCConfigurationList section */
	};
	rootObject = 7BD9CC3D15B7101B00D6DAA8 /* Project object */;
}
